
Microsoft Visual Studio Solution File, Format Version 12.00
# Visual Studio Version 17
VisualStudioVersion = 17.12.35527.113
MinimumVisualStudioVersion = 10.0.40219.1
Project("{FAE04EC0-301F-11D3-BF4B-00C04F79EFBC}") = "ProductInventory", "ProductInventory.csproj", "{2918D5BD-0171-454A-AD76-2EA3B4D8A9ED}"
EndProject
Project("{FAE04EC0-301F-11D3-BF4B-00C04F79EFBC}") = "ProductAPI", "..\ProductAPI\ProductAPI\ProductAPI.csproj", "{61C98A32-D4CC-4565-9DC7-ED2852DDFBA3}"
EndProject
Global
	GlobalSection(SolutionConfigurationPlatforms) = preSolution
		Debug|Any CPU = Debug|Any CPU
		Release|Any CPU = Release|Any CPU
	EndGlobalSection
	GlobalSection(ProjectConfigurationPlatforms) = postSolution
		{2918D5BD-0171-454A-AD76-2EA3B4D8A9ED}.Debug|Any CPU.ActiveCfg = Debug|Any CPU
		{2918D5BD-0171-454A-AD76-2EA3B4D8A9ED}.Debug|Any CPU.Build.0 = Debug|Any CPU
		{2918D5BD-0171-454A-AD76-2EA3B4D8A9ED}.Release|Any CPU.ActiveCfg = Release|Any CPU
		{2918D5BD-0171-454A-AD76-2EA3B4D8A9ED}.Release|Any CPU.Build.0 = Release|Any CPU
		{61C98A32-D4CC-4565-9DC7-ED2852DDFBA3}.Debug|Any CPU.ActiveCfg = Debug|Any CPU
		{61C98A32-D4CC-4565-9DC7-ED2852DDFBA3}.Debug|Any CPU.Build.0 = Debug|Any CPU
		{61C98A32-D4CC-4565-9DC7-ED2852DDFBA3}.Release|Any CPU.ActiveCfg = Release|Any CPU
		{61C98A32-D4CC-4565-9DC7-ED2852DDFBA3}.Release|Any CPU.Build.0 = Release|Any CPU
	EndGlobalSection
	GlobalSection(SolutionProperties) = preSolution
		HideSolutionNode = FALSE
	EndGlobalSection
	GlobalSection(ExtensibilityGlobals) = postSolution
		SolutionGuid = {18DED661-D6EF-42FA-B932-3F9905C3230F}
	EndGlobalSection
EndGlobal
